
Microsoft Visual Studio Solution File, Format Version 12.00
# Visual Studio Version 17
VisualStudioVersion = 17.5.33502.453
MinimumVisualStudioVersion = 10.0.40219.1
Project("{FAE04EC0-301F-11D3-BF4B-00C04F79EFBC}") = "LibraryWeb", "LibraryWeb.csproj", "{DDD62B97-BDD1-44A1-90F0-E37E41894FA5}"
EndProject
Global
	GlobalSection(SolutionConfigurationPlatforms) = preSolution
		Debug|Any CPU = Debug|Any CPU
		Release|Any CPU = Release|Any CPU
	EndGlobalSection
	GlobalSection(ProjectConfigurationPlatforms) = postSolution
		{DDD62B97-BDD1-44A1-90F0-E37E41894FA5}.Debug|Any CPU.ActiveCfg = Debug|Any CPU
		{DDD62B97-BDD1-44A1-90F0-E37E41894FA5}.Debug|Any CPU.Build.0 = Debug|Any CPU
		{DDD62B97-BDD1-44A1-90F0-E37E41894FA5}.Release|Any CPU.ActiveCfg = Release|Any CPU
		{DDD62B97-BDD1-44A1-90F0-E37E41894FA5}.Release|Any CPU.Build.0 = Release|Any CPU
	EndGlobalSection
	GlobalSection(SolutionProperties) = preSolution
		HideSolutionNode = FALSE
	EndGlobalSection
	GlobalSection(ExtensibilityGlobals) = postSolution
		SolutionGuid = {AD3D598C-041B-4A4B-AEA4-E6F9084C4F6B}
	EndGlobalSection
EndGlobal
